
Microsoft Visual Studio Solution File, Format Version 12.00
# Visual Studio Version 16
VisualStudioVersion = 16.0.31624.102
MinimumVisualStudioVersion = 10.0.40219.1
Project("{FAE04EC0-301F-11D3-BF4B-00C04F79EFBC}") = "PCS1", "PCS1\PCS1.csproj", "{DDF2258B-ABCD-43E9-80B5-ADE3DE75827B}"
EndProject
Global
	GlobalSection(SolutionConfigurationPlatforms) = preSolution
		Debug|Any CPU = Debug|Any CPU
		Release|Any CPU = Release|Any CPU
	EndGlobalSection
	GlobalSection(ProjectConfigurationPlatforms) = postSolution
		{DDF2258B-ABCD-43E9-80B5-ADE3DE75827B}.Debug|Any CPU.ActiveCfg = Debug|Any CPU
		{DDF2258B-ABCD-43E9-80B5-ADE3DE75827B}.Debug|Any CPU.Build.0 = Debug|Any CPU
		{DDF2258B-ABCD-43E9-80B5-ADE3DE75827B}.Release|Any CPU.ActiveCfg = Release|Any CPU
		{DDF2258B-ABCD-43E9-80B5-ADE3DE75827B}.Release|Any CPU.Build.0 = Release|Any CPU
	EndGlobalSection
	GlobalSection(SolutionProperties) = preSolution
		HideSolutionNode = FALSE
	EndGlobalSection
	GlobalSection(ExtensibilityGlobals) = postSolution
		SolutionGuid = {0FBF38E8-2797-4038-9CF9-4136702E9591}
	EndGlobalSection
EndGlobal
